
Microsoft Visual Studio Solution File, Format Version 12.00
# Visual Studio 15
VisualStudioVersion = 15.0.27130.2010
MinimumVisualStudioVersion = 10.0.40219.1
Project("{9A19103F-16F7-4668-BE54-9A1E7A4F7556}") = "DataAccess", "DataAccess\DataAccess.csproj", "{51A846EE-E26F-4755-B0D3-A21E869A969F}"
EndProject
Project("{9A19103F-16F7-4668-BE54-9A1E7A4F7556}") = "Business", "Business\Business.csproj", "{F6AA60F9-0127-4443-8176-4C6FC835BA4D}"
EndProject
Project("{9A19103F-16F7-4668-BE54-9A1E7A4F7556}") = "Entities", "Entities\Entities.csproj", "{0AECF5C0-E2F6-4B36-A711-9A09219E60F7}"
EndProject
Project("{9A19103F-16F7-4668-BE54-9A1E7A4F7556}") = "Core", "Core\Core.csproj", "{93E2A2B3-46D8-4DA9-8FE6-0533C16400B9}"
EndProject
Project("{FAE04EC0-301F-11D3-BF4B-00C04F79EFBC}") = "WebAPI", "WebAPI\WebAPI.csproj", "{CA11C247-AC29-48F6-9182-F56561BDCDBD}"
EndProject
Global
	GlobalSection(SolutionConfigurationPlatforms) = preSolution
		Debug|Any CPU = Debug|Any CPU
		Release|Any CPU = Release|Any CPU
	EndGlobalSection
	GlobalSection(ProjectConfigurationPlatforms) = postSolution
		{51A846EE-E26F-4755-B0D3-A21E869A969F}.Debug|Any CPU.ActiveCfg = Debug|Any CPU
		{51A846EE-E26F-4755-B0D3-A21E869A969F}.Debug|Any CPU.Build.0 = Debug|Any CPU
		{51A846EE-E26F-4755-B0D3-A21E869A969F}.Release|Any CPU.ActiveCfg = Release|Any CPU
		{51A846EE-E26F-4755-B0D3-A21E869A969F}.Release|Any CPU.Build.0 = Release|Any CPU
		{F6AA60F9-0127-4443-8176-4C6FC835BA4D}.Debug|Any CPU.ActiveCfg = Debug|Any CPU
		{F6AA60F9-0127-4443-8176-4C6FC835BA4D}.Debug|Any CPU.Build.0 = Debug|Any CPU
		{F6AA60F9-0127-4443-8176-4C6FC835BA4D}.Release|Any CPU.ActiveCfg = Release|Any CPU
		{F6AA60F9-0127-4443-8176-4C6FC835BA4D}.Release|Any CPU.Build.0 = Release|Any CPU
		{0AECF5C0-E2F6-4B36-A711-9A09219E60F7}.Debug|Any CPU.ActiveCfg = Debug|Any CPU
		{0AECF5C0-E2F6-4B36-A711-9A09219E60F7}.Debug|Any CPU.Build.0 = Debug|Any CPU
		{0AECF5C0-E2F6-4B36-A711-9A09219E60F7}.Release|Any CPU.ActiveCfg = Release|Any CPU
		{0AECF5C0-E2F6-4B36-A711-9A09219E60F7}.Release|Any CPU.Build.0 = Release|Any CPU
		{93E2A2B3-46D8-4DA9-8FE6-0533C16400B9}.Debug|Any CPU.ActiveCfg = Debug|Any CPU
		{93E2A2B3-46D8-4DA9-8FE6-0533C16400B9}.Debug|Any CPU.Build.0 = Debug|Any CPU
		{93E2A2B3-46D8-4DA9-8FE6-0533C16400B9}.Release|Any CPU.ActiveCfg = Release|Any CPU
		{93E2A2B3-46D8-4DA9-8FE6-0533C16400B9}.Release|Any CPU.Build.0 = Release|Any CPU
		{CA11C247-AC29-48F6-9182-F56561BDCDBD}.Debug|Any CPU.ActiveCfg = Debug|Any CPU
		{CA11C247-AC29-48F6-9182-F56561BDCDBD}.Debug|Any CPU.Build.0 = Debug|Any CPU
		{CA11C247-AC29-48F6-9182-F56561BDCDBD}.Release|Any CPU.ActiveCfg = Release|Any CPU
		{CA11C247-AC29-48F6-9182-F56561BDCDBD}.Release|Any CPU.Build.0 = Release|Any CPU
	EndGlobalSection
	GlobalSection(SolutionProperties) = preSolution
		HideSolutionNode = FALSE
	EndGlobalSection
	GlobalSection(ExtensibilityGlobals) = postSolution
		SolutionGuid = {EE0CC0C9-1A09-472E-B6C3-81C13F5AFE49}
	EndGlobalSection
EndGlobal
